
Microsoft Visual Studio Solution File, Format Version 12.00
# Visual Studio Version 17
VisualStudioVersion = 17.5.002.0
MinimumVisualStudioVersion = 10.0.40219.1
Project("{9A19103F-16F7-4668-BE54-9A1E7A4F7556}") = "aed", "aed.csproj", "{FA739DD0-6EE6-4F20-AD28-A33DF7466A2F}"
EndProject
Global
	GlobalSection(SolutionConfigurationPlatforms) = preSolution
		Debug|Any CPU = Debug|Any CPU
		Release|Any CPU = Release|Any CPU
	EndGlobalSection
	GlobalSection(ProjectConfigurationPlatforms) = postSolution
		{FA739DD0-6EE6-4F20-AD28-A33DF7466A2F}.Debug|Any CPU.ActiveCfg = Debug|Any CPU
		{FA739DD0-6EE6-4F20-AD28-A33DF7466A2F}.Debug|Any CPU.Build.0 = Debug|Any CPU
		{FA739DD0-6EE6-4F20-AD28-A33DF7466A2F}.Release|Any CPU.ActiveCfg = Release|Any CPU
		{FA739DD0-6EE6-4F20-AD28-A33DF7466A2F}.Release|Any CPU.Build.0 = Release|Any CPU
	EndGlobalSection
	GlobalSection(SolutionProperties) = preSolution
		HideSolutionNode = FALSE
	EndGlobalSection
	GlobalSection(ExtensibilityGlobals) = postSolution
		SolutionGuid = {5257FD6E-B39A-4669-864B-51E98F2F086C}
	EndGlobalSection
EndGlobal
